
Microsoft Visual Studio Solution File, Format Version 12.00
# Visual Studio Version 17
VisualStudioVersion = 17.2.32505.173
MinimumVisualStudioVersion = 10.0.40219.1
Project("{FAE04EC0-301F-11D3-BF4B-00C04F79EFBC}") = "Access modifiers", "Access modifiers\Access modifiers.csproj", "{93811346-E832-4CFE-B611-ECC815068904}"
EndProject
Global
	GlobalSection(SolutionConfigurationPlatforms) = preSolution
		Debug|Any CPU = Debug|Any CPU
		Release|Any CPU = Release|Any CPU
	EndGlobalSection
	GlobalSection(ProjectConfigurationPlatforms) = postSolution
		{93811346-E832-4CFE-B611-ECC815068904}.Debug|Any CPU.ActiveCfg = Debug|Any CPU
		{93811346-E832-4CFE-B611-ECC815068904}.Debug|Any CPU.Build.0 = Debug|Any CPU
		{93811346-E832-4CFE-B611-ECC815068904}.Release|Any CPU.ActiveCfg = Release|Any CPU
		{93811346-E832-4CFE-B611-ECC815068904}.Release|Any CPU.Build.0 = Release|Any CPU
	EndGlobalSection
	GlobalSection(SolutionProperties) = preSolution
		HideSolutionNode = FALSE
	EndGlobalSection
	GlobalSection(ExtensibilityGlobals) = postSolution
		SolutionGuid = {1B0A7504-9CC6-4D4B-A3DD-BB8926A59F53}
	EndGlobalSection
EndGlobal
